
Microsoft Visual Studio Solution File, Format Version 12.00
# Visual Studio 15
VisualStudioVersion = 15.0.27004.2005
MinimumVisualStudioVersion = 10.0.40219.1
Project("{8BC9CEB8-8B4A-11D0-8D11-00A0C91BC942}") = "CarND-UKF-Project", "CarND-UKF-Project\CarND-UKF-Project.vcxproj", "{BCA4E1E8-B6C4-4BF9-9795-C1333C3BB75A}"
EndProject
Project("{8BC9CEB8-8B4A-11D0-8D11-00A0C91BC942}") = "Tests.CarND-UKF-Project", "Tests.CarND-UKF-Project\Tests.CarND-UKF-Project.vcxproj", "{A44C4DF5-70A4-4856-B264-41224F4F0D76}"
EndProject
Global
	GlobalSection(SolutionConfigurationPlatforms) = preSolution
		Debug|x64 = Debug|x64
		Debug|x86 = Debug|x86
		Release|x64 = Release|x64
		Release|x86 = Release|x86
	EndGlobalSection
	GlobalSection(ProjectConfigurationPlatforms) = postSolution
		{BCA4E1E8-B6C4-4BF9-9795-C1333C3BB75A}.Debug|x64.ActiveCfg = Debug|x64
		{BCA4E1E8-B6C4-4BF9-9795-C1333C3BB75A}.Debug|x64.Build.0 = Debug|x64
		{BCA4E1E8-B6C4-4BF9-9795-C1333C3BB75A}.Debug|x86.ActiveCfg = Debug|Win32
		{BCA4E1E8-B6C4-4BF9-9795-C1333C3BB75A}.Debug|x86.Build.0 = Debug|Win32
		{BCA4E1E8-B6C4-4BF9-9795-C1333C3BB75A}.Release|x64.ActiveCfg = Release|x64
		{BCA4E1E8-B6C4-4BF9-9795-C1333C3BB75A}.Release|x64.Build.0 = Release|x64
		{BCA4E1E8-B6C4-4BF9-9795-C1333C3BB75A}.Release|x86.ActiveCfg = Release|Win32
		{BCA4E1E8-B6C4-4BF9-9795-C1333C3BB75A}.Release|x86.Build.0 = Release|Win32
		{A44C4DF5-70A4-4856-B264-41224F4F0D76}.Debug|x64.ActiveCfg = Debug|x64
		{A44C4DF5-70A4-4856-B264-41224F4F0D76}.Debug|x64.Build.0 = Debug|x64
		{A44C4DF5-70A4-4856-B264-41224F4F0D76}.Debug|x86.ActiveCfg = Debug|Win32
		{A44C4DF5-70A4-4856-B264-41224F4F0D76}.Debug|x86.Build.0 = Debug|Win32
		{A44C4DF5-70A4-4856-B264-41224F4F0D76}.Release|x64.ActiveCfg = Release|x64
		{A44C4DF5-70A4-4856-B264-41224F4F0D76}.Release|x64.Build.0 = Release|x64
		{A44C4DF5-70A4-4856-B264-41224F4F0D76}.Release|x86.ActiveCfg = Release|Win32
		{A44C4DF5-70A4-4856-B264-41224F4F0D76}.Release|x86.Build.0 = Release|Win32
	EndGlobalSection
	GlobalSection(SolutionProperties) = preSolution
		HideSolutionNode = FALSE
	EndGlobalSection
	GlobalSection(ExtensibilityGlobals) = postSolution
		SolutionGuid = {5A24C519-009E-494D-976F-3491CCF15D06}
	EndGlobalSection
EndGlobal
